
Microsoft Visual Studio Solution File, Format Version 12.00
# Visual Studio 15
VisualStudioVersion = 15.0.26403.7
MinimumVisualStudioVersion = 10.0.40219.1
Project("{FAE04EC0-301F-11D3-BF4B-00C04F79EFBC}") = "Tabalim [App]", "Tabalim [App]\Tabalim [App].csproj", "{AC8158CE-2320-4722-84C7-495540F9CC9E}"
EndProject
Project("{FAE04EC0-301F-11D3-BF4B-00C04F79EFBC}") = "Tabalim [core]", "Tabalim [core]\Tabalim [core].csproj", "{867C949F-26D7-4319-AD0F-1E6AD01183D5}"
EndProject
Project("{FAE04EC0-301F-11D3-BF4B-00C04F79EFBC}") = "Tabalim [Addin] [R22]", "Tabalim [Addin] [R22]\Tabalim [Addin] [R22].csproj", "{7ACB2DA6-2F36-4F3E-9739-5367FD5DE10D}"
EndProject
Global
	GlobalSection(SolutionConfigurationPlatforms) = preSolution
		Debug|Any CPU = Debug|Any CPU
		Release|Any CPU = Release|Any CPU
	EndGlobalSection
	GlobalSection(ProjectConfigurationPlatforms) = postSolution
		{AC8158CE-2320-4722-84C7-495540F9CC9E}.Debug|Any CPU.ActiveCfg = Debug|Any CPU
		{AC8158CE-2320-4722-84C7-495540F9CC9E}.Debug|Any CPU.Build.0 = Debug|Any CPU
		{AC8158CE-2320-4722-84C7-495540F9CC9E}.Release|Any CPU.ActiveCfg = Release|Any CPU
		{AC8158CE-2320-4722-84C7-495540F9CC9E}.Release|Any CPU.Build.0 = Release|Any CPU
		{867C949F-26D7-4319-AD0F-1E6AD01183D5}.Debug|Any CPU.ActiveCfg = Debug|Any CPU
		{867C949F-26D7-4319-AD0F-1E6AD01183D5}.Debug|Any CPU.Build.0 = Debug|Any CPU
		{867C949F-26D7-4319-AD0F-1E6AD01183D5}.Release|Any CPU.ActiveCfg = Release|Any CPU
		{867C949F-26D7-4319-AD0F-1E6AD01183D5}.Release|Any CPU.Build.0 = Release|Any CPU
		{7ACB2DA6-2F36-4F3E-9739-5367FD5DE10D}.Debug|Any CPU.ActiveCfg = Debug|Any CPU
		{7ACB2DA6-2F36-4F3E-9739-5367FD5DE10D}.Debug|Any CPU.Build.0 = Debug|Any CPU
		{7ACB2DA6-2F36-4F3E-9739-5367FD5DE10D}.Release|Any CPU.ActiveCfg = Release|Any CPU
		{7ACB2DA6-2F36-4F3E-9739-5367FD5DE10D}.Release|Any CPU.Build.0 = Release|Any CPU
	EndGlobalSection
	GlobalSection(SolutionProperties) = preSolution
		HideSolutionNode = FALSE
	EndGlobalSection
EndGlobal
